
Microsoft Visual Studio Solution File, Format Version 12.00
# Visual Studio Version 16
VisualStudioVersion = 16.0.29613.14
MinimumVisualStudioVersion = 10.0.40219.1
Project("{8BC9CEB8-8B4A-11D0-8D11-00A0C91BC942}") = "napoca", "napoca\napoca.vcxproj", "{4A2CE21B-8644-4983-A58E-A87ACBD4EE4C}"
	ProjectSection(ProjectDependencies) = postProject
		{0CD4AE7E-41C1-43B6-A0A1-C0DB45761533} = {0CD4AE7E-41C1-43B6-A0A1-C0DB45761533}
		{D94E1C95-4D5A-493E-BAB6-8D59C8679A6A} = {D94E1C95-4D5A-493E-BAB6-8D59C8679A6A}
		{D1A5B9E4-9AE0-4E85-97CF-306D21FC9D3A} = {D1A5B9E4-9AE0-4E85-97CF-306D21FC9D3A}
	EndProjectSection
EndProject
Project("{8BC9CEB8-8B4A-11D0-8D11-00A0C91BC942}") = "winguest", "winguest\winguest\winguest.vcxproj", "{485381D4-1A57-4B94-B367-6CFE7C899E90}"
EndProject
Project("{8BC9CEB8-8B4A-11D0-8D11-00A0C91BC942}") = "winguestdll", "winguest\winguestdll\winguestdll.vcxproj", "{B4A82198-271B-4FCE-AA27-6CF4C7274521}"
EndProject
Project("{8BC9CEB8-8B4A-11D0-8D11-00A0C91BC942}") = "efi_loader", "uefi\EfiLoader\efi_loader.vcxproj", "{14F43CF1-5359-4092-92E1-7ECA99A6378E}"
	ProjectSection(ProjectDependencies) = postProject
		{0CD4AE7E-41C1-43B6-A0A1-C0DB45761533} = {0CD4AE7E-41C1-43B6-A0A1-C0DB45761533}
	EndProjectSection
EndProject
Project("{8BC9CEB8-8B4A-11D0-8D11-00A0C91BC942}") = "efi_preloader", "uefi\EfiPreloader\efi_preloader.vcxproj", "{A0C09779-788B-41FB-93C5-E8D325062DCA}"
	ProjectSection(ProjectDependencies) = postProject
		{0CD4AE7E-41C1-43B6-A0A1-C0DB45761533} = {0CD4AE7E-41C1-43B6-A0A1-C0DB45761533}
	EndProjectSection
EndProject
Project("{8BC9CEB8-8B4A-11D0-8D11-00A0C91BC942}") = "build_acpica", "build\build_acpica\build_acpica.vcxproj", "{D94E1C95-4D5A-493E-BAB6-8D59C8679A6A}"
EndProject
Project("{8BC9CEB8-8B4A-11D0-8D11-00A0C91BC942}") = "build_visualuefi", "build\build_visualuefi\build_visualuefi.vcxproj", "{0CD4AE7E-41C1-43B6-A0A1-C0DB45761533}"
EndProject
Project("{8BC9CEB8-8B4A-11D0-8D11-00A0C91BC942}") = "build_hvmi", "build\build_hvmi\build_hvmi.vcxproj", "{D1A5B9E4-9AE0-4E85-97CF-306D21FC9D3A}"
EndProject
Project("{2150E333-8FDC-42A3-9474-1A3956D46DE8}") = "dependencies", "dependencies", "{A7DCEB2C-459D-48B3-80E4-467FABF455FC}"
EndProject
Project("{2150E333-8FDC-42A3-9474-1A3956D46DE8}") = "uefi", "uefi", "{55FC3BF8-50EB-4BE8-ACDD-69C820C75B91}"
EndProject
Project("{8BC9CEB8-8B4A-11D0-8D11-00A0C91BC942}") = "build_hvmi_cami", "build\build_hvmi_cami\build_hvmi_cami.vcxproj", "{D3F8B16D-CAB6-47BD-8121-7D8DD6B8BB26}"
EndProject
Project("{8BC9CEB8-8B4A-11D0-8D11-00A0C91BC942}") = "build_hvmi_exceptions", "build\build_hvmi_exceptions\build_hvmi_exceptions.vcxproj", "{E3378295-4752-4BC1-A34C-AC9E28A8D383}"
EndProject
Project("{8BC9CEB8-8B4A-11D0-8D11-00A0C91BC942}") = "winguest_sample", "winguest_sample\winguest_sample.vcxproj", "{5D7F6178-2C93-4712-935F-BA454FC03F6C}"
EndProject
Project("{8BC9CEB8-8B4A-11D0-8D11-00A0C91BC942}") = "doxygen", "doxygen\doxygen.vcxproj", "{79F50229-055A-4697-9C45-DEA53607C105}"
EndProject
Global
	GlobalSection(SolutionConfigurationPlatforms) = preSolution
		Debug|Win32 = Debug|Win32
		Debug|x64 = Debug|x64
		Release|Win32 = Release|Win32
		Release|x64 = Release|x64
	EndGlobalSection
	GlobalSection(ProjectConfigurationPlatforms) = postSolution
		{4A2CE21B-8644-4983-A58E-A87ACBD4EE4C}.Debug|Win32.ActiveCfg = Debug|x64
		{4A2CE21B-8644-4983-A58E-A87ACBD4EE4C}.Debug|Win32.Build.0 = Debug|x64
		{4A2CE21B-8644-4983-A58E-A87ACBD4EE4C}.Debug|x64.ActiveCfg = Debug|x64
		{4A2CE21B-8644-4983-A58E-A87ACBD4EE4C}.Debug|x64.Build.0 = Debug|x64
		{4A2CE21B-8644-4983-A58E-A87ACBD4EE4C}.Release|Win32.ActiveCfg = Release|x64
		{4A2CE21B-8644-4983-A58E-A87ACBD4EE4C}.Release|Win32.Build.0 = Release|x64
		{4A2CE21B-8644-4983-A58E-A87ACBD4EE4C}.Release|x64.ActiveCfg = Release|x64
		{4A2CE21B-8644-4983-A58E-A87ACBD4EE4C}.Release|x64.Build.0 = Release|x64
		{485381D4-1A57-4B94-B367-6CFE7C899E90}.Debug|Win32.ActiveCfg = Debug|Win32
		{485381D4-1A57-4B94-B367-6CFE7C899E90}.Debug|Win32.Build.0 = Debug|Win32
		{485381D4-1A57-4B94-B367-6CFE7C899E90}.Debug|Win32.Deploy.0 = Debug|Win32
		{485381D4-1A57-4B94-B367-6CFE7C899E90}.Debug|x64.ActiveCfg = Debug|x64
		{485381D4-1A57-4B94-B367-6CFE7C899E90}.Debug|x64.Build.0 = Debug|x64
		{485381D4-1A57-4B94-B367-6CFE7C899E90}.Debug|x64.Deploy.0 = Debug|x64
		{485381D4-1A57-4B94-B367-6CFE7C899E90}.Release|Win32.ActiveCfg = Release|Win32
		{485381D4-1A57-4B94-B367-6CFE7C899E90}.Release|Win32.Build.0 = Release|Win32
		{485381D4-1A57-4B94-B367-6CFE7C899E90}.Release|Win32.Deploy.0 = Release|Win32
		{485381D4-1A57-4B94-B367-6CFE7C899E90}.Release|x64.ActiveCfg = Release|x64
		{485381D4-1A57-4B94-B367-6CFE7C899E90}.Release|x64.Build.0 = Release|x64
		{485381D4-1A57-4B94-B367-6CFE7C899E90}.Release|x64.Deploy.0 = Release|x64
		{B4A82198-271B-4FCE-AA27-6CF4C7274521}.Debug|Win32.ActiveCfg = Debug|Win32
		{B4A82198-271B-4FCE-AA27-6CF4C7274521}.Debug|Win32.Build.0 = Debug|Win32
		{B4A82198-271B-4FCE-AA27-6CF4C7274521}.Debug|x64.ActiveCfg = Debug|x64
		{B4A82198-271B-4FCE-AA27-6CF4C7274521}.Debug|x64.Build.0 = Debug|x64
		{B4A82198-271B-4FCE-AA27-6CF4C7274521}.Release|Win32.ActiveCfg = Release|Win32
		{B4A82198-271B-4FCE-AA27-6CF4C7274521}.Release|Win32.Build.0 = Release|Win32
		{B4A82198-271B-4FCE-AA27-6CF4C7274521}.Release|x64.ActiveCfg = Release|x64
		{B4A82198-271B-4FCE-AA27-6CF4C7274521}.Release|x64.Build.0 = Release|x64
		{14F43CF1-5359-4092-92E1-7ECA99A6378E}.Debug|Win32.ActiveCfg = Debug|x64
		{14F43CF1-5359-4092-92E1-7ECA99A6378E}.Debug|Win32.Build.0 = Debug|x64
		{14F43CF1-5359-4092-92E1-7ECA99A6378E}.Debug|x64.ActiveCfg = Debug|x64
		{14F43CF1-5359-4092-92E1-7ECA99A6378E}.Debug|x64.Build.0 = Debug|x64
		{14F43CF1-5359-4092-92E1-7ECA99A6378E}.Release|Win32.ActiveCfg = Release|x64
		{14F43CF1-5359-4092-92E1-7ECA99A6378E}.Release|Win32.Build.0 = Release|x64
		{14F43CF1-5359-4092-92E1-7ECA99A6378E}.Release|x64.ActiveCfg = Release|x64
		{14F43CF1-5359-4092-92E1-7ECA99A6378E}.Release|x64.Build.0 = Release|x64
		{A0C09779-788B-41FB-93C5-E8D325062DCA}.Debug|Win32.ActiveCfg = Debug|x64
		{A0C09779-788B-41FB-93C5-E8D325062DCA}.Debug|Win32.Build.0 = Debug|x64
		{A0C09779-788B-41FB-93C5-E8D325062DCA}.Debug|x64.ActiveCfg = Debug|x64
		{A0C09779-788B-41FB-93C5-E8D325062DCA}.Debug|x64.Build.0 = Debug|x64
		{A0C09779-788B-41FB-93C5-E8D325062DCA}.Release|Win32.ActiveCfg = Release|x64
		{A0C09779-788B-41FB-93C5-E8D325062DCA}.Release|Win32.Build.0 = Release|x64
		{A0C09779-788B-41FB-93C5-E8D325062DCA}.Release|x64.ActiveCfg = Release|x64
		{A0C09779-788B-41FB-93C5-E8D325062DCA}.Release|x64.Build.0 = Release|x64
		{D94E1C95-4D5A-493E-BAB6-8D59C8679A6A}.Debug|Win32.ActiveCfg = Debug|x64
		{D94E1C95-4D5A-493E-BAB6-8D59C8679A6A}.Debug|Win32.Build.0 = Debug|x64
		{D94E1C95-4D5A-493E-BAB6-8D59C8679A6A}.Debug|x64.ActiveCfg = Debug|x64
		{D94E1C95-4D5A-493E-BAB6-8D59C8679A6A}.Debug|x64.Build.0 = Debug|x64
		{D94E1C95-4D5A-493E-BAB6-8D59C8679A6A}.Release|Win32.ActiveCfg = Release|x64
		{D94E1C95-4D5A-493E-BAB6-8D59C8679A6A}.Release|Win32.Build.0 = Release|x64
		{D94E1C95-4D5A-493E-BAB6-8D59C8679A6A}.Release|x64.ActiveCfg = Release|x64
		{D94E1C95-4D5A-493E-BAB6-8D59C8679A6A}.Release|x64.Build.0 = Release|x64
		{0CD4AE7E-41C1-43B6-A0A1-C0DB45761533}.Debug|Win32.ActiveCfg = Debug|x64
		{0CD4AE7E-41C1-43B6-A0A1-C0DB45761533}.Debug|Win32.Build.0 = Debug|x64
		{0CD4AE7E-41C1-43B6-A0A1-C0DB45761533}.Debug|x64.ActiveCfg = Debug|x64
		{0CD4AE7E-41C1-43B6-A0A1-C0DB45761533}.Debug|x64.Build.0 = Debug|x64
		{0CD4AE7E-41C1-43B6-A0A1-C0DB45761533}.Release|Win32.ActiveCfg = Release|x64
		{0CD4AE7E-41C1-43B6-A0A1-C0DB45761533}.Release|Win32.Build.0 = Release|x64
		{0CD4AE7E-41C1-43B6-A0A1-C0DB45761533}.Release|x64.ActiveCfg = Release|x64
		{0CD4AE7E-41C1-43B6-A0A1-C0DB45761533}.Release|x64.Build.0 = Release|x64
		{D1A5B9E4-9AE0-4E85-97CF-306D21FC9D3A}.Debug|Win32.ActiveCfg = Debug|Win32
		{D1A5B9E4-9AE0-4E85-97CF-306D21FC9D3A}.Debug|Win32.Build.0 = Debug|Win32
		{D1A5B9E4-9AE0-4E85-97CF-306D21FC9D3A}.Debug|x64.ActiveCfg = Debug|x64
		{D1A5B9E4-9AE0-4E85-97CF-306D21FC9D3A}.Debug|x64.Build.0 = Debug|x64
		{D1A5B9E4-9AE0-4E85-97CF-306D21FC9D3A}.Release|Win32.ActiveCfg = Release|Win32
		{D1A5B9E4-9AE0-4E85-97CF-306D21FC9D3A}.Release|Win32.Build.0 = Release|Win32
		{D1A5B9E4-9AE0-4E85-97CF-306D21FC9D3A}.Release|x64.ActiveCfg = Release|x64
		{D1A5B9E4-9AE0-4E85-97CF-306D21FC9D3A}.Release|x64.Build.0 = Release|x64
		{D3F8B16D-CAB6-47BD-8121-7D8DD6B8BB26}.Debug|Win32.ActiveCfg = Debug|Win32
		{D3F8B16D-CAB6-47BD-8121-7D8DD6B8BB26}.Debug|Win32.Build.0 = Debug|Win32
		{D3F8B16D-CAB6-47BD-8121-7D8DD6B8BB26}.Debug|x64.ActiveCfg = Debug|x64
		{D3F8B16D-CAB6-47BD-8121-7D8DD6B8BB26}.Debug|x64.Build.0 = Debug|x64
		{D3F8B16D-CAB6-47BD-8121-7D8DD6B8BB26}.Release|Win32.ActiveCfg = Release|Win32
		{D3F8B16D-CAB6-47BD-8121-7D8DD6B8BB26}.Release|Win32.Build.0 = Release|Win32
		{D3F8B16D-CAB6-47BD-8121-7D8DD6B8BB26}.Release|x64.ActiveCfg = Release|x64
		{D3F8B16D-CAB6-47BD-8121-7D8DD6B8BB26}.Release|x64.Build.0 = Release|x64
		{E3378295-4752-4BC1-A34C-AC9E28A8D383}.Debug|Win32.ActiveCfg = Debug|Win32
		{E3378295-4752-4BC1-A34C-AC9E28A8D383}.Debug|Win32.Build.0 = Debug|Win32
		{E3378295-4752-4BC1-A34C-AC9E28A8D383}.Debug|x64.ActiveCfg = Debug|x64
		{E3378295-4752-4BC1-A34C-AC9E28A8D383}.Debug|x64.Build.0 = Debug|x64
		{E3378295-4752-4BC1-A34C-AC9E28A8D383}.Release|Win32.ActiveCfg = Release|Win32
		{E3378295-4752-4BC1-A34C-AC9E28A8D383}.Release|Win32.Build.0 = Release|Win32
		{E3378295-4752-4BC1-A34C-AC9E28A8D383}.Release|x64.ActiveCfg = Release|x64
		{E3378295-4752-4BC1-A34C-AC9E28A8D383}.Release|x64.Build.0 = Release|x64
		{5D7F6178-2C93-4712-935F-BA454FC03F6C}.Debug|Win32.ActiveCfg = Debug|Win32
		{5D7F6178-2C93-4712-935F-BA454FC03F6C}.Debug|Win32.Build.0 = Debug|Win32
		{5D7F6178-2C93-4712-935F-BA454FC03F6C}.Debug|x64.ActiveCfg = Debug|x64
		{5D7F6178-2C93-4712-935F-BA454FC03F6C}.Debug|x64.Build.0 = Debug|x64
		{5D7F6178-2C93-4712-935F-BA454FC03F6C}.Release|Win32.ActiveCfg = Release|Win32
		{5D7F6178-2C93-4712-935F-BA454FC03F6C}.Release|Win32.Build.0 = Release|Win32
		{5D7F6178-2C93-4712-935F-BA454FC03F6C}.Release|x64.ActiveCfg = Release|x64
		{5D7F6178-2C93-4712-935F-BA454FC03F6C}.Release|x64.Build.0 = Release|x64
		{79F50229-055A-4697-9C45-DEA53607C105}.Debug|Win32.ActiveCfg = Debug|Win32
		{79F50229-055A-4697-9C45-DEA53607C105}.Debug|x64.ActiveCfg = Debug|x64
		{79F50229-055A-4697-9C45-DEA53607C105}.Release|Win32.ActiveCfg = Release|Win32
		{79F50229-055A-4697-9C45-DEA53607C105}.Release|x64.ActiveCfg = Release|x64
	EndGlobalSection
	GlobalSection(SolutionProperties) = preSolution
		HideSolutionNode = FALSE
	EndGlobalSection
	GlobalSection(NestedProjects) = preSolution
		{14F43CF1-5359-4092-92E1-7ECA99A6378E} = {55FC3BF8-50EB-4BE8-ACDD-69C820C75B91}
		{A0C09779-788B-41FB-93C5-E8D325062DCA} = {55FC3BF8-50EB-4BE8-ACDD-69C820C75B91}
		{D94E1C95-4D5A-493E-BAB6-8D59C8679A6A} = {A7DCEB2C-459D-48B3-80E4-467FABF455FC}
		{0CD4AE7E-41C1-43B6-A0A1-C0DB45761533} = {A7DCEB2C-459D-48B3-80E4-467FABF455FC}
		{D1A5B9E4-9AE0-4E85-97CF-306D21FC9D3A} = {A7DCEB2C-459D-48B3-80E4-467FABF455FC}
		{D3F8B16D-CAB6-47BD-8121-7D8DD6B8BB26} = {A7DCEB2C-459D-48B3-80E4-467FABF455FC}
		{E3378295-4752-4BC1-A34C-AC9E28A8D383} = {A7DCEB2C-459D-48B3-80E4-467FABF455FC}
	EndGlobalSection
	GlobalSection(ExtensibilityGlobals) = postSolution
		SolutionGuid = {0BA1363C-8C26-4238-A5DE-B0BD06972937}
	EndGlobalSection
EndGlobal
